
Microsoft Visual Studio Solution File, Format Version 12.00
# Visual Studio Version 17
VisualStudioVersion = 17.14.36221.1 d17.14
MinimumVisualStudioVersion = 10.0.40219.1
Project("{FAE04EC0-301F-11D3-BF4B-00C04F79EFBC}") = "Exercise 27", "Exercise 27\Exercise 27.csproj", "{BFB86F88-2AE0-4E59-8FB1-F24C263F5234}"
EndProject
Global
	GlobalSection(SolutionConfigurationPlatforms) = preSolution
		Debug|Any CPU = Debug|Any CPU
		Release|Any CPU = Release|Any CPU
	EndGlobalSection
	GlobalSection(ProjectConfigurationPlatforms) = postSolution
		{BFB86F88-2AE0-4E59-8FB1-F24C263F5234}.Debug|Any CPU.ActiveCfg = Debug|Any CPU
		{BFB86F88-2AE0-4E59-8FB1-F24C263F5234}.Debug|Any CPU.Build.0 = Debug|Any CPU
		{BFB86F88-2AE0-4E59-8FB1-F24C263F5234}.Release|Any CPU.ActiveCfg = Release|Any CPU
		{BFB86F88-2AE0-4E59-8FB1-F24C263F5234}.Release|Any CPU.Build.0 = Release|Any CPU
	EndGlobalSection
	GlobalSection(SolutionProperties) = preSolution
		HideSolutionNode = FALSE
	EndGlobalSection
	GlobalSection(ExtensibilityGlobals) = postSolution
		SolutionGuid = {AB72DB7D-2C67-4D36-B6AA-FFFF962771B4}
	EndGlobalSection
EndGlobal
