
Microsoft Visual Studio Solution File, Format Version 12.00
# Visual Studio Version 17
VisualStudioVersion = 17.14.36221.1 d17.14
MinimumVisualStudioVersion = 10.0.40219.1
Project("{FAE04EC0-301F-11D3-BF4B-00C04F79EFBC}") = "InventarySystem", "InventarySystem\InventarySystem.csproj", "{84F9CC23-FC68-4455-88E9-916C0B4494AE}"
EndProject
Global
	GlobalSection(SolutionConfigurationPlatforms) = preSolution
		Debug|Any CPU = Debug|Any CPU
		Release|Any CPU = Release|Any CPU
	EndGlobalSection
	GlobalSection(ProjectConfigurationPlatforms) = postSolution
		{84F9CC23-FC68-4455-88E9-916C0B4494AE}.Debug|Any CPU.ActiveCfg = Debug|Any CPU
		{84F9CC23-FC68-4455-88E9-916C0B4494AE}.Debug|Any CPU.Build.0 = Debug|Any CPU
		{84F9CC23-FC68-4455-88E9-916C0B4494AE}.Release|Any CPU.ActiveCfg = Release|Any CPU
		{84F9CC23-FC68-4455-88E9-916C0B4494AE}.Release|Any CPU.Build.0 = Release|Any CPU
	EndGlobalSection
	GlobalSection(SolutionProperties) = preSolution
		HideSolutionNode = FALSE
	EndGlobalSection
	GlobalSection(ExtensibilityGlobals) = postSolution
		SolutionGuid = {377E03AE-88AC-4839-90E9-82D53119EE44}
	EndGlobalSection
EndGlobal
