
Microsoft Visual Studio Solution File, Format Version 12.00
# Visual Studio Version 17
VisualStudioVersion = 17.14.36221.1 d17.14
MinimumVisualStudioVersion = 10.0.40219.1
Project("{FAE04EC0-301F-11D3-BF4B-00C04F79EFBC}") = "Exercise 17", "Exercise 17\Exercise 17.csproj", "{AB4CE0F3-DB8D-4366-8250-3BAC5143878D}"
EndProject
Global
	GlobalSection(SolutionConfigurationPlatforms) = preSolution
		Debug|Any CPU = Debug|Any CPU
		Release|Any CPU = Release|Any CPU
	EndGlobalSection
	GlobalSection(ProjectConfigurationPlatforms) = postSolution
		{AB4CE0F3-DB8D-4366-8250-3BAC5143878D}.Debug|Any CPU.ActiveCfg = Debug|Any CPU
		{AB4CE0F3-DB8D-4366-8250-3BAC5143878D}.Debug|Any CPU.Build.0 = Debug|Any CPU
		{AB4CE0F3-DB8D-4366-8250-3BAC5143878D}.Release|Any CPU.ActiveCfg = Release|Any CPU
		{AB4CE0F3-DB8D-4366-8250-3BAC5143878D}.Release|Any CPU.Build.0 = Release|Any CPU
	EndGlobalSection
	GlobalSection(SolutionProperties) = preSolution
		HideSolutionNode = FALSE
	EndGlobalSection
	GlobalSection(ExtensibilityGlobals) = postSolution
		SolutionGuid = {E4DD26C4-EEFA-438B-A500-A6E7763932A9}
	EndGlobalSection
EndGlobal
