
Microsoft Visual Studio Solution File, Format Version 12.00
# Visual Studio Version 17
VisualStudioVersion = 17.14.36221.1 d17.14
MinimumVisualStudioVersion = 10.0.40219.1
Project("{FAE04EC0-301F-11D3-BF4B-00C04F79EFBC}") = "C# Sharp LINQ  Exercises, Practice", "C# Sharp LINQ  Exercises, Practice\C# Sharp LINQ  Exercises, Practice.csproj", "{A5C9D0BD-6A3C-41DF-A9A4-1F0820AF69BC}"
EndProject
Global
	GlobalSection(SolutionConfigurationPlatforms) = preSolution
		Debug|Any CPU = Debug|Any CPU
		Release|Any CPU = Release|Any CPU
	EndGlobalSection
	GlobalSection(ProjectConfigurationPlatforms) = postSolution
		{A5C9D0BD-6A3C-41DF-A9A4-1F0820AF69BC}.Debug|Any CPU.ActiveCfg = Debug|Any CPU
		{A5C9D0BD-6A3C-41DF-A9A4-1F0820AF69BC}.Debug|Any CPU.Build.0 = Debug|Any CPU
		{A5C9D0BD-6A3C-41DF-A9A4-1F0820AF69BC}.Release|Any CPU.ActiveCfg = Release|Any CPU
		{A5C9D0BD-6A3C-41DF-A9A4-1F0820AF69BC}.Release|Any CPU.Build.0 = Release|Any CPU
	EndGlobalSection
	GlobalSection(SolutionProperties) = preSolution
		HideSolutionNode = FALSE
	EndGlobalSection
	GlobalSection(ExtensibilityGlobals) = postSolution
		SolutionGuid = {51963C50-0C19-483A-BD78-77E0563A83EF}
	EndGlobalSection
EndGlobal
