
Microsoft Visual Studio Solution File, Format Version 12.00
# Visual Studio Version 17
VisualStudioVersion = 17.14.36221.1 d17.14
MinimumVisualStudioVersion = 10.0.40219.1
Project("{FAE04EC0-301F-11D3-BF4B-00C04F79EFBC}") = "Exercise15", "Exercice15\Exercise15.csproj", "{B4282B01-51FA-4248-AF6E-374C6E56ACB9}"
EndProject
Global
	GlobalSection(SolutionConfigurationPlatforms) = preSolution
		Debug|Any CPU = Debug|Any CPU
		Release|Any CPU = Release|Any CPU
	EndGlobalSection
	GlobalSection(ProjectConfigurationPlatforms) = postSolution
		{B4282B01-51FA-4248-AF6E-374C6E56ACB9}.Debug|Any CPU.ActiveCfg = Debug|Any CPU
		{B4282B01-51FA-4248-AF6E-374C6E56ACB9}.Debug|Any CPU.Build.0 = Debug|Any CPU
		{B4282B01-51FA-4248-AF6E-374C6E56ACB9}.Release|Any CPU.ActiveCfg = Release|Any CPU
		{B4282B01-51FA-4248-AF6E-374C6E56ACB9}.Release|Any CPU.Build.0 = Release|Any CPU
	EndGlobalSection
	GlobalSection(SolutionProperties) = preSolution
		HideSolutionNode = FALSE
	EndGlobalSection
	GlobalSection(ExtensibilityGlobals) = postSolution
		SolutionGuid = {19110C4E-B6DE-468E-BFF3-89560FFFAC82}
	EndGlobalSection
EndGlobal
