
Microsoft Visual Studio Solution File, Format Version 12.00
# Visual Studio Version 17
VisualStudioVersion = 17.14.36221.1 d17.14
MinimumVisualStudioVersion = 10.0.40219.1
Project("{FAE04EC0-301F-11D3-BF4B-00C04F79EFBC}") = "Exercise 18", "Exercise 18\Exercise 18.csproj", "{D4A273E4-3823-42F9-884C-C1130C234975}"
EndProject
Global
	GlobalSection(SolutionConfigurationPlatforms) = preSolution
		Debug|Any CPU = Debug|Any CPU
		Release|Any CPU = Release|Any CPU
	EndGlobalSection
	GlobalSection(ProjectConfigurationPlatforms) = postSolution
		{D4A273E4-3823-42F9-884C-C1130C234975}.Debug|Any CPU.ActiveCfg = Debug|Any CPU
		{D4A273E4-3823-42F9-884C-C1130C234975}.Debug|Any CPU.Build.0 = Debug|Any CPU
		{D4A273E4-3823-42F9-884C-C1130C234975}.Release|Any CPU.ActiveCfg = Release|Any CPU
		{D4A273E4-3823-42F9-884C-C1130C234975}.Release|Any CPU.Build.0 = Release|Any CPU
	EndGlobalSection
	GlobalSection(SolutionProperties) = preSolution
		HideSolutionNode = FALSE
	EndGlobalSection
	GlobalSection(ExtensibilityGlobals) = postSolution
		SolutionGuid = {AC2C9398-FE5B-4B68-879D-D55F7D6037F3}
	EndGlobalSection
EndGlobal
