
Microsoft Visual Studio Solution File, Format Version 12.00
# Visual Studio Version 17
VisualStudioVersion = 17.14.36221.1 d17.14
MinimumVisualStudioVersion = 10.0.40219.1
Project("{FAE04EC0-301F-11D3-BF4B-00C04F79EFBC}") = "Exercise 23", "Exercise 23\Exercise 23.csproj", "{A9FFC09B-BCAD-451B-9FDA-B24CDCE376A0}"
EndProject
Global
	GlobalSection(SolutionConfigurationPlatforms) = preSolution
		Debug|Any CPU = Debug|Any CPU
		Release|Any CPU = Release|Any CPU
	EndGlobalSection
	GlobalSection(ProjectConfigurationPlatforms) = postSolution
		{A9FFC09B-BCAD-451B-9FDA-B24CDCE376A0}.Debug|Any CPU.ActiveCfg = Debug|Any CPU
		{A9FFC09B-BCAD-451B-9FDA-B24CDCE376A0}.Debug|Any CPU.Build.0 = Debug|Any CPU
		{A9FFC09B-BCAD-451B-9FDA-B24CDCE376A0}.Release|Any CPU.ActiveCfg = Release|Any CPU
		{A9FFC09B-BCAD-451B-9FDA-B24CDCE376A0}.Release|Any CPU.Build.0 = Release|Any CPU
	EndGlobalSection
	GlobalSection(SolutionProperties) = preSolution
		HideSolutionNode = FALSE
	EndGlobalSection
	GlobalSection(ExtensibilityGlobals) = postSolution
		SolutionGuid = {6E776755-AC5C-4398-B345-8AEAA5B53029}
	EndGlobalSection
EndGlobal
